// !$*UTF8*$!
{
	archiveVersion = 1;
	classes = {
	};
	objectVersion = 77;
	objects = {

/* Begin PBXContainerItemProxy section */
		6C7664572D79FD10005DB6EB /* PBXContainerItemProxy */ = {
			isa = PBXContainerItemProxy;
			containerPortal = 6C76643E2D79FD0F005DB6EB /* Project object */;
			proxyType = 1;
			remoteGlobalIDString = 6C7664452D79FD0F005DB6EB;
			remoteInfo = AIhealthcoach;
		};
		6C7664612D79FD10005DB6EB /* PBXContainerItemProxy */ = {
			isa = PBXContainerItemProxy;
			containerPortal = 6C76643E2D79FD0F005DB6EB /* Project object */;
			proxyType = 1;
			remoteGlobalIDString = 6C7664452D79FD0F005DB6EB;
			remoteInfo = AIhealthcoach;
		};
/* End PBXContainerItemProxy section */

/* Begin PBXFileReference section */
		6C7664462D79FD0F005DB6EB /* AIhealthcoach.app */ = {isa = PBXFileReference; explicitFileType = wrapper.application; includeInIndex = 0; path = AIhealthcoach.app; sourceTree = BUILT_PRODUCTS_DIR; };
		6C7664562D79FD10005DB6EB /* AIhealthcoachTests.xctest */ = {isa = PBXFileReference; explicitFileType = wrapper.cfbundle; includeInIndex = 0; path = AIhealthcoachTests.xctest; sourceTree = BUILT_PRODUCTS_DIR; };
		6C7664602D79FD10005DB6EB /* AIhealthcoachUITests.xctest */ = {isa = PBXFileReference; explicitFileType = wrapper.cfbundle; includeInIndex = 0; path = AIhealthcoachUITests.xctest; sourceTree = BUILT_PRODUCTS_DIR; };
/* End PBXFileReference section */

/* Begin PBXFileSystemSynchronizedRootGroup section */
		6C7664482D79FD0F005DB6EB /* AIhealthcoach */ = {
			isa = PBXFileSystemSynchronizedRootGroup;
			path = AIhealthcoach;
			sourceTree = "<group>";
		};
		6C7664592D79FD10005DB6EB /* AIhealthcoachTests */ = {
			isa = PBXFileSystemSynchronizedRootGroup;
			path = AIhealthcoachTests;
			sourceTree = "<group>";
		};
		6C7664632D79FD10005DB6EB /* AIhealthcoachUITests */ = {
			isa = PBXFileSystemSynchronizedRootGroup;
			path = AIhealthcoachUITests;
			sourceTree = "<group>";
		};
/* End PBXFileSystemSynchronizedRootGroup section */

/* Begin PBXFrameworksBuildPhase section */
		6C7664432D79FD0F005DB6EB /* Frameworks */ = {
			isa = PBXFrameworksBuildPhase;
			buildActionMask = 2147483647;
			files = (
			);
			runOnlyForDeploymentPostprocessing = 0;
		};
		6C7664532D79FD10005DB6EB /* Frameworks */ = {
			isa = PBXFrameworksBuildPhase;
			buildActionMask = 2147483647;
			files = (
			);
			runOnlyForDeploymentPostprocessing = 0;
		};
		6C76645D2D79FD10005DB6EB /* Frameworks */ = {
			isa = PBXFrameworksBuildPhase;
			buildActionMask = 2147483647;
			files = (
			);
			runOnlyForDeploymentPostprocessing = 0;
		};
/* End PBXFrameworksBuildPhase section */

/* Begin PBXGroup section */
		6C76643D2D79FD0F005DB6EB = {
			isa = PBXGroup;
			children = (
				6C7664482D79FD0F005DB6EB /* AIhealthcoach */,
				6C7664592D79FD10005DB6EB /* AIhealthcoachTests */,
				6C7664632D79FD10005DB6EB /* AIhealthcoachUITests */,
				6C7664472D79FD0F005DB6EB /* Products */,
			);
			sourceTree = "<group>";
		};
		6C7664472D79FD0F005DB6EB /* Products */ = {
			isa = PBXGroup;
			children = (
				6C7664462D79FD0F005DB6EB /* AIhealthcoach.app */,
				6C7664562D79FD10005DB6EB /* AIhealthcoachTests.xctest */,
				6C7664602D79FD10005DB6EB /* AIhealthcoachUITests.xctest */,
			);
			name = Products;
			sourceTree = "<group>";
		};
/* End PBXGroup section */

/* Begin PBXNativeTarget section */
		6C7664452D79FD0F005DB6EB /* AIhealthcoach */ = {
			isa = PBXNativeTarget;
			buildConfigurationList = 6C76646A2D79FD11005DB6EB /* Build configuration list for PBXNativeTarget "AIhealthcoach" */;
			buildPhases = (
				6C7664422D79FD0F005DB6EB /* Sources */,
				6C7664432D79FD0F005DB6EB /* Frameworks */,
				6C7664442D79FD0F005DB6EB /* Resources */,
			);
			buildRules = (
			);
			dependencies = (
			);
			fileSystemSynchronizedGroups = (
				6C7664482D79FD0F005DB6EB /* AIhealthcoach */,
			);
			name = AIhealthcoach;
			packageProductDependencies = (
			);
			productName = AIhealthcoach;
			productReference = 6C7664462D79FD0F005DB6EB /* AIhealthcoach.app */;
			productType = "com.apple.product-type.application";
		};
		6C7664552D79FD10005DB6EB /* AIhealthcoachTests */ = {
			isa = PBXNativeTarget;
			buildConfigurationList = 6C76646D2D79FD11005DB6EB /* Build configuration list for PBXNativeTarget "AIhealthcoachTests" */;
			buildPhases = (
				6C7664522D79FD10005DB6EB /* Sources */,
				6C7664532D79FD10005DB6EB /* Frameworks */,
				6C7664542D79FD10005DB6EB /* Resources */,
			);
			buildRules = (
			);
			dependencies = (
				6C7664582D79FD10005DB6EB /* PBXTargetDependency */,
			);
			fileSystemSynchronizedGroups = (
				6C7664592D79FD10005DB6EB /* AIhealthcoachTests */,
			);
			name = AIhealthcoachTests;
			packageProductDependencies = (
			);
			productName = AIhealthcoachTests;
			productReference = 6C7664562D79FD10005DB6EB /* AIhealthcoachTests.xctest */;
			productType = "com.apple.product-type.bundle.unit-test";
		};
		6C76645F2D79FD10005DB6EB /* AIhealthcoachUITests */ = {
			isa = PBXNativeTarget;
			buildConfigurationList = 6C7664702D79FD11005DB6EB /* Build configuration list for PBXNativeTarget "AIhealthcoachUITests" */;
			buildPhases = (
				6C76645C2D79FD10005DB6EB /* Sources */,
				6C76645D2D79FD10005DB6EB /* Frameworks */,
				6C76645E2D79FD10005DB6EB /* Resources */,
			);
			buildRules = (
			);
			dependencies = (
				6C7664622D79FD10005DB6EB /* PBXTargetDependency */,
			);
			fileSystemSynchronizedGroups = (
				6C7664632D79FD10005DB6EB /* AIhealthcoachUITests */,
			);
			name = AIhealthcoachUITests;
			packageProductDependencies = (
			);
			productName = AIhealthcoachUITests;
			productReference = 6C7664602D79FD10005DB6EB /* AIhealthcoachUITests.xctest */;
			productType = "com.apple.product-type.bundle.ui-testing";
		};
/* End PBXNativeTarget section */

/* Begin PBXProject section */
		6C76643E2D79FD0F005DB6EB /* Project object */ = {
			isa = PBXProject;
			attributes = {
				BuildIndependentTargetsInParallel = 1;
				LastSwiftUpdateCheck = 1620;
				LastUpgradeCheck = 1620;
				TargetAttributes = {
					6C7664452D79FD0F005DB6EB = {
						CreatedOnToolsVersion = 16.2;
					};
					6C7664552D79FD10005DB6EB = {
						CreatedOnToolsVersion = 16.2;
						TestTargetID = 6C7664452D79FD0F005DB6EB;
					};
					6C76645F2D79FD10005DB6EB = {
						CreatedOnToolsVersion = 16.2;
						TestTargetID = 6C7664452D79FD0F005DB6EB;
					};
				};
			};
			buildConfigurationList = 6C7664412D79FD0F005DB6EB /* Build configuration list for PBXProject "AIhealthcoach" */;
			developmentRegion = en;
			hasScannedForEncodings = 0;
			knownRegions = (
				en,
				Base,
			);
			mainGroup = 6C76643D2D79FD0F005DB6EB;
			minimizedProjectReferenceProxies = 1;
			preferredProjectObjectVersion = 77;
			productRefGroup = 6C7664472D79FD0F005DB6EB /* Products */;
			projectDirPath = "";
			projectRoot = "";
			targets = (
				6C7664452D79FD0F005DB6EB /* AIhealthcoach */,
				6C7664552D79FD10005DB6EB /* AIhealthcoachTests */,
				6C76645F2D79FD10005DB6EB /* AIhealthcoachUITests */,
			);
		};
/* End PBXProject section */

/* Begin PBXResourcesBuildPhase section */
		6C7664442D79FD0F005DB6EB /* Resources */ = {
			isa = PBXResourcesBuildPhase;
			buildActionMask = 2147483647;
			files = (
			);
			runOnlyForDeploymentPostprocessing = 0;
		};
		6C7664542D79FD10005DB6EB /* Resources */ = {
			isa = PBXResourcesBuildPhase;
			buildActionMask = 2147483647;
			files = (
			);
			runOnlyForDeploymentPostprocessing = 0;
		};
		6C76645E2D79FD10005DB6EB /* Resources */ = {
			isa = PBXResourcesBuildPhase;
			buildActionMask = 2147483647;
			files = (
			);
			runOnlyForDeploymentPostprocessing = 0;
		};
/* End PBXResourcesBuildPhase section */

/* Begin PBXSourcesBuildPhase section */
		6C7664422D79FD0F005DB6EB /* Sources */ = {
			isa = PBXSourcesBuildPhase;
			buildActionMask = 2147483647;
			files = (
			);
			runOnlyForDeploymentPostprocessing = 0;
		};
		6C7664522D79FD10005DB6EB /* Sources */ = {
			isa = PBXSourcesBuildPhase;
			buildActionMask = 2147483647;
			files = (
			);
			runOnlyForDeploymentPostprocessing = 0;
		};
		6C76645C2D79FD10005DB6EB /* Sources */ = {
			isa = PBXSourcesBuildPhase;
			buildActionMask = 2147483647;
			files = (
			);
			runOnlyForDeploymentPostprocessing = 0;
		};
/* End PBXSourcesBuildPhase section */

/* Begin PBXTargetDependency section */
		6C7664582D79FD10005DB6EB /* PBXTargetDependency */ = {
			isa = PBXTargetDependency;
			target = 6C7664452D79FD0F005DB6EB /* AIhealthcoach */;
			targetProxy = 6C7664572D79FD10005DB6EB /* PBXContainerItemProxy */;
		};
		6C7664622D79FD10005DB6EB /* PBXTargetDependency */ = {
			isa = PBXTargetDependency;
			target = 6C7664452D79FD0F005DB6EB /* AIhealthcoach */;
			targetProxy = 6C7664612D79FD10005DB6EB /* PBXContainerItemProxy */;
		};
/* End PBXTargetDependency section */

/* Begin XCBuildConfiguration section */
		6C7664682D79FD11005DB6EB /* Debug */ = {
			isa = XCBuildConfiguration;
			buildSettings = {
				ALWAYS_SEARCH_USER_PATHS = NO;
				ASSETCATALOG_COMPILER_GENERATE_SWIFT_ASSET_SYMBOL_EXTENSIONS = YES;
				CLANG_ANALYZER_NONNULL = YES;
				CLANG_ANALYZER_NUMBER_OBJECT_CONVERSION = YES_AGGRESSIVE;
				CLANG_CXX_LANGUAGE_STANDARD = "gnu++20";
				CLANG_ENABLE_MODULES = YES;
				CLANG_ENABLE_OBJC_ARC = YES;
				CLANG_ENABLE_OBJC_WEAK = YES;
				CLANG_WARN_BLOCK_CAPTURE_AUTORELEASING = YES;
				CLANG_WARN_BOOL_CONVERSION = YES;
				CLANG_WARN_COMMA = YES;
				CLANG_WARN_CONSTANT_CONVERSION = YES;
				CLANG_WARN_DEPRECATED_OBJC_IMPLEMENTATIONS = YES;
				CLANG_WARN_DIRECT_OBJC_ISA_USAGE = YES_ERROR;
				CLANG_WARN_DOCUMENTATION_COMMENTS = YES;
				CLANG_WARN_EMPTY_BODY = YES;
				CLANG_WARN_ENUM_CONVERSION = YES;
				CLANG_WARN_INFINITE_RECURSION = YES;
				CLANG_WARN_INT_CONVERSION = YES;
				CLANG_WARN_NON_LITERAL_NULL_CONVERSION = YES;
				CLANG_WARN_OBJC_IMPLICIT_RETAIN_SELF = YES;
				CLANG_WARN_OBJC_LITERAL_CONVERSION = YES;
				CLANG_WARN_OBJC_ROOT_CLASS = YES_ERROR;
				CLANG_WARN_QUOTED_INCLUDE_IN_FRAMEWORK_HEADER = YES;
				CLANG_WARN_RANGE_LOOP_ANALYSIS = YES;
				CLANG_WARN_STRICT_PROTOTYPES = YES;
				CLANG_WARN_SUSPICIOUS_MOVE = YES;
				CLANG_WARN_UNGUARDED_AVAILABILITY = YES_AGGRESSIVE;
				CLANG_WARN_UNREACHABLE_CODE = YES;
				CLANG_WARN__DUPLICATE_METHOD_MATCH = YES;
				COPY_PHASE_STRIP = NO;
				DEBUG_INFORMATION_FORMAT = dwarf;
				ENABLE_STRICT_OBJC_MSGSEND = YES;
				ENABLE_TESTABILITY = YES;
				ENABLE_USER_SCRIPT_SANDBOXING = YES;
				GCC_C_LANGUAGE_STANDARD = gnu17;
				GCC_DYNAMIC_NO_PIC = NO;
				GCC_NO_COMMON_BLOCKS = YES;
				GCC_OPTIMIZATION_LEVEL = 0;
				GCC_PREPROCESSOR_DEFINITIONS = (
					"DEBUG=1",
					"$(inherited)",
				);
				GCC_WARN_64_TO_32_BIT_CONVERSION = YES;
				GCC_WARN_ABOUT_RETURN_TYPE = YES_ERROR;
				GCC_WARN_UNDECLARED_SELECTOR = YES;
				GCC_WARN_UNINITIALIZED_AUTOS = YES_AGGRESSIVE;
				GCC_WARN_UNUSED_FUNCTION = YES;
				GCC_WARN_UNUSED_VARIABLE = YES;
				IPHONEOS_DEPLOYMENT_TARGET = 18.2;
				LOCALIZATION_PREFERS_STRING_CATALOGS = YES;
				MTL_ENABLE_DEBUG_INFO = INCLUDE_SOURCE;
				MTL_FAST_MATH = YES;
				ONLY_ACTIVE_ARCH = YES;
				SDKROOT = iphoneos;
				SWIFT_ACTIVE_COMPILATION_CONDITIONS = "DEBUG $(inherited)";
				SWIFT_OPTIMIZATION_LEVEL = "-Onone";
			};
			name = Debug;
		};
		6C7664692D79FD11005DB6EB /* Release */ = {
			isa = XCBuildConfiguration;
			buildSettings = {
				ALWAYS_SEARCH_USER_PATHS = NO;
				ASSETCATALOG_COMPILER_GENERATE_SWIFT_ASSET_SYMBOL_EXTENSIONS = YES;
				CLANG_ANALYZER_NONNULL = YES;
				CLANG_ANALYZER_NUMBER_OBJECT_CONVERSION = YES_AGGRESSIVE;
				CLANG_CXX_LANGUAGE_STANDARD = "gnu++20";
				CLANG_ENABLE_MODULES = YES;
				CLANG_ENABLE_OBJC_ARC = YES;
				CLANG_ENABLE_OBJC_WEAK = YES;
				CLANG_WARN_BLOCK_CAPTURE_AUTORELEASING = YES;
				CLANG_WARN_BOOL_CONVERSION = YES;
				CLANG_WARN_COMMA = YES;
				CLANG_WARN_CONSTANT_CONVERSION = YES;
				CLANG_WARN_DEPRECATED_OBJC_IMPLEMENTATIONS = YES;
				CLANG_WARN_DIRECT_OBJC_ISA_USAGE = YES_ERROR;
				CLANG_WARN_DOCUMENTATION_COMMENTS = YES;
				CLANG_WARN_EMPTY_BODY = YES;
				CLANG_WARN_ENUM_CONVERSION = YES;
				CLANG_WARN_INFINITE_RECURSION = YES;
				CLANG_WARN_INT_CONVERSION = YES;
				CLANG_WARN_NON_LITERAL_NULL_CONVERSION = YES;
				CLANG_WARN_OBJC_IMPLICIT_RETAIN_SELF = YES;
				CLANG_WARN_OBJC_LITERAL_CONVERSION = YES;
				CLANG_WARN_OBJC_ROOT_CLASS = YES_ERROR;
				CLANG_WARN_QUOTED_INCLUDE_IN_FRAMEWORK_HEADER = YES;
				CLANG_WARN_RANGE_LOOP_ANALYSIS = YES;
				CLANG_WARN_STRICT_PROTOTYPES = YES;
				CLANG_WARN_SUSPICIOUS_MOVE = YES;
				CLANG_WARN_UNGUARDED_AVAILABILITY = YES_AGGRESSIVE;
				CLANG_WARN_UNREACHABLE_CODE = YES;
				CLANG_WARN__DUPLICATE_METHOD_MATCH = YES;
				COPY_PHASE_STRIP = NO;
				DEBUG_INFORMATION_FORMAT = "dwarf-with-dsym";
				ENABLE_NS_ASSERTIONS = NO;
				ENABLE_STRICT_OBJC_MSGSEND = YES;
				ENABLE_USER_SCRIPT_SANDBOXING = YES;
				GCC_C_LANGUAGE_STANDARD = gnu17;
				GCC_NO_COMMON_BLOCKS = YES;
				GCC_WARN_64_TO_32_BIT_CONVERSION = YES;
				GCC_WARN_ABOUT_RETURN_TYPE = YES_ERROR;
				GCC_WARN_UNDECLARED_SELECTOR = YES;
				GCC_WARN_UNINITIALIZED_AUTOS = YES_AGGRESSIVE;
				GCC_WARN_UNUSED_FUNCTION = YES;
				GCC_WARN_UNUSED_VARIABLE = YES;
				IPHONEOS_DEPLOYMENT_TARGET = 18.2;
				LOCALIZATION_PREFERS_STRING_CATALOGS = YES;
				MTL_ENABLE_DEBUG_INFO = NO;
				MTL_FAST_MATH = YES;
				SDKROOT = iphoneos;
				SWIFT_COMPILATION_MODE = wholemodule;
				VALIDATE_PRODUCT = YES;
			};
			name = Release;
		};
		6C76646B2D79FD11005DB6EB /* Debug */ = {
			isa = XCBuildConfiguration;
			buildSettings = {
				ASSETCATALOG_COMPILER_APPICON_NAME = AppIcon;
				ASSETCATALOG_COMPILER_GLOBAL_ACCENT_COLOR_NAME = AccentColor;
				CODE_SIGN_STYLE = Automatic;
				CURRENT_PROJECT_VERSION = 1;
				DEVELOPMENT_ASSET_PATHS = "\"AIhealthcoach/Preview Content\"";
				DEVELOPMENT_TEAM = 7L33HU3Y4Y;
				ENABLE_PREVIEWS = YES;
				GENERATE_INFOPLIST_FILE = YES;
				INFOPLIST_KEY_UIApplicationSceneManifest_Generation = YES;
				INFOPLIST_KEY_UIApplicationSupportsIndirectInputEvents = YES;
				INFOPLIST_KEY_UILaunchScreen_Generation = YES;
				INFOPLIST_KEY_UISupportedInterfaceOrientations_iPad = "UIInterfaceOrientationPortrait UIInterfaceOrientationPortraitUpsideDown UIInterfaceOrientationLandscapeLeft UIInterfaceOrientationLandscapeRight";
				INFOPLIST_KEY_UISupportedInterfaceOrientations_iPhone = "UIInterfaceOrientationPortrait UIInterfaceOrientationLandscapeLeft UIInterfaceOrientationLandscapeRight";
				LD_RUNPATH_SEARCH_PATHS = (
					"$(inherited)",
					"@executable_path/Frameworks",
				);
				MARKETING_VERSION = 1.0;
				PRODUCT_BUNDLE_IDENTIFIER = frank.AIhealthcoach;
				PRODUCT_NAME = "$(TARGET_NAME)";
				SWIFT_EMIT_LOC_STRINGS = YES;
				SWIFT_VERSION = 5.0;
				TARGETED_DEVICE_FAMILY = "1,2";
			};
			name = Debug;
		};
		6C76646C2D79FD11005DB6EB /* Release */ = {
			isa = XCBuildConfiguration;
			buildSettings = {
				ASSETCATALOG_COMPILER_APPICON_NAME = AppIcon;
				ASSETCATALOG_COMPILER_GLOBAL_ACCENT_COLOR_NAME = AccentColor;
				CODE_SIGN_STYLE = Automatic;
				CURRENT_PROJECT_VERSION = 1;
				DEVELOPMENT_ASSET_PATHS = "\"AIhealthcoach/Preview Content\"";
				DEVELOPMENT_TEAM = 7L33HU3Y4Y;
				ENABLE_PREVIEWS = YES;
				GENERATE_INFOPLIST_FILE = YES;
				INFOPLIST_KEY_UIApplicationSceneManifest_Generation = YES;
				INFOPLIST_KEY_UIApplicationSupportsIndirectInputEvents = YES;
				INFOPLIST_KEY_UILaunchScreen_Generation = YES;
				INFOPLIST_KEY_UISupportedInterfaceOrientations_iPad = "UIInterfaceOrientationPortrait UIInterfaceOrientationPortraitUpsideDown UIInterfaceOrientationLandscapeLeft UIInterfaceOrientationLandscapeRight";
				INFOPLIST_KEY_UISupportedInterfaceOrientations_iPhone = "UIInterfaceOrientationPortrait UIInterfaceOrientationLandscapeLeft UIInterfaceOrientationLandscapeRight";
				LD_RUNPATH_SEARCH_PATHS = (
					"$(inherited)",
					"@executable_path/Frameworks",
				);
				MARKETING_VERSION = 1.0;
				PRODUCT_BUNDLE_IDENTIFIER = frank.AIhealthcoach;
				PRODUCT_NAME = "$(TARGET_NAME)";
				SWIFT_EMIT_LOC_STRINGS = YES;
				SWIFT_VERSION = 5.0;
				TARGETED_DEVICE_FAMILY = "1,2";
			};
			name = Release;
		};
		6C76646E2D79FD11005DB6EB /* Debug */ = {
			isa = XCBuildConfiguration;
			buildSettings = {
				BUNDLE_LOADER = "$(TEST_HOST)";
				CODE_SIGN_STYLE = Automatic;
				CURRENT_PROJECT_VERSION = 1;
				DEVELOPMENT_TEAM = 7L33HU3Y4Y;
				GENERATE_INFOPLIST_FILE = YES;
				IPHONEOS_DEPLOYMENT_TARGET = 18.2;
				MARKETING_VERSION = 1.0;
				PRODUCT_BUNDLE_IDENTIFIER = frank.AIhealthcoachTests;
				PRODUCT_NAME = "$(TARGET_NAME)";
				SWIFT_EMIT_LOC_STRINGS = NO;
				SWIFT_VERSION = 5.0;
				TARGETED_DEVICE_FAMILY = "1,2";
				TEST_HOST = "$(BUILT_PRODUCTS_DIR)/AIhealthcoach.app/$(BUNDLE_EXECUTABLE_FOLDER_PATH)/AIhealthcoach";
			};
			name = Debug;
		};
		6C76646F2D79FD11005DB6EB /* Release */ = {
			isa = XCBuildConfiguration;
			buildSettings = {
				BUNDLE_LOADER = "$(TEST_HOST)";
				CODE_SIGN_STYLE = Automatic;
				CURRENT_PROJECT_VERSION = 1;
				DEVELOPMENT_TEAM = 7L33HU3Y4Y;
				GENERATE_INFOPLIST_FILE = YES;
				IPHONEOS_DEPLOYMENT_TARGET = 18.2;
				MARKETING_VERSION = 1.0;
				PRODUCT_BUNDLE_IDENTIFIER = frank.AIhealthcoachTests;
				PRODUCT_NAME = "$(TARGET_NAME)";
				SWIFT_EMIT_LOC_STRINGS = NO;
				SWIFT_VERSION = 5.0;
				TARGETED_DEVICE_FAMILY = "1,2";
				TEST_HOST = "$(BUILT_PRODUCTS_DIR)/AIhealthcoach.app/$(BUNDLE_EXECUTABLE_FOLDER_PATH)/AIhealthcoach";
			};
			name = Release;
		};
		6C7664712D79FD11005DB6EB /* Debug */ = {
			isa = XCBuildConfiguration;
			buildSettings = {
				CODE_SIGN_STYLE = Automatic;
				CURRENT_PROJECT_VERSION = 1;
				DEVELOPMENT_TEAM = 7L33HU3Y4Y;
				GENERATE_INFOPLIST_FILE = YES;
				MARKETING_VERSION = 1.0;
				PRODUCT_BUNDLE_IDENTIFIER = frank.AIhealthcoachUITests;
				PRODUCT_NAME = "$(TARGET_NAME)";
				SWIFT_EMIT_LOC_STRINGS = NO;
				SWIFT_VERSION = 5.0;
				TARGETED_DEVICE_FAMILY = "1,2";
				TEST_TARGET_NAME = AIhealthcoach;
			};
			name = Debug;
		};
		6C7664722D79FD11005DB6EB /* Release */ = {
			isa = XCBuildConfiguration;
			buildSettings = {
				CODE_SIGN_STYLE = Automatic;
				CURRENT_PROJECT_VERSION = 1;
				DEVELOPMENT_TEAM = 7L33HU3Y4Y;
				GENERATE_INFOPLIST_FILE = YES;
				MARKETING_VERSION = 1.0;
				PRODUCT_BUNDLE_IDENTIFIER = frank.AIhealthcoachUITests;
				PRODUCT_NAME = "$(TARGET_NAME)";
				SWIFT_EMIT_LOC_STRINGS = NO;
				SWIFT_VERSION = 5.0;
				TARGETED_DEVICE_FAMILY = "1,2";
				TEST_TARGET_NAME = AIhealthcoach;
			};
			name = Release;
		};
/* End XCBuildConfiguration section */

/* Begin XCConfigurationList section */
		6C7664412D79FD0F005DB6EB /* Build configuration list for PBXProject "AIhealthcoach" */ = {
			isa = XCConfigurationList;
			buildConfigurations = (
				6C7664682D79FD11005DB6EB /* Debug */,
				6C7664692D79FD11005DB6EB /* Release */,
			);
			defaultConfigurationIsVisible = 0;
			defaultConfigurationName = Release;
		};
		6C76646A2D79FD11005DB6EB /* Build configuration list for PBXNativeTarget "AIhealthcoach" */ = {
			isa = XCConfigurationList;
			buildConfigurations = (
				6C76646B2D79FD11005DB6EB /* Debug */,
				6C76646C2D79FD11005DB6EB /* Release */,
			);
			defaultConfigurationIsVisible = 0;
			defaultConfigurationName = Release;
		};
		6C76646D2D79FD11005DB6EB /* Build configuration list for PBXNativeTarget "AIhealthcoachTests" */ = {
			isa = XCConfigurationList;
			buildConfigurations = (
				6C76646E2D79FD11005DB6EB /* Debug */,
				6C76646F2D79FD11005DB6EB /* Release */,
			);
			defaultConfigurationIsVisible = 0;
			defaultConfigurationName = Release;
		};
		6C7664702D79FD11005DB6EB /* Build configuration list for PBXNativeTarget "AIhealthcoachUITests" */ = {
			isa = XCConfigurationList;
			buildConfigurations = (
				6C7664712D79FD11005DB6EB /* Debug */,
				6C7664722D79FD11005DB6EB /* Release */,
			);
			defaultConfigurationIsVisible = 0;
			defaultConfigurationName = Release;
		};
/* End XCConfigurationList section */
	};
	rootObject = 6C76643E2D79FD0F005DB6EB /* Project object */;
}
